
Microsoft Visual Studio Solution File, Format Version 12.00
# Visual Studio 15
VisualStudioVersion = 15.0.27703.2042
MinimumVisualStudioVersion = 10.0.40219.1
Project("{9A19103F-16F7-4668-BE54-9A1E7A4F7556}") = "BookStore.ProductService", "BookStore.ProductService\BookStore.ProductService.csproj", "{511986E9-E9FF-4B29-8289-5F34D7098444}"
EndProject
Project("{9A19103F-16F7-4668-BE54-9A1E7A4F7556}") = "BookStore.ProductService.Controller", "BookStore.ProductService.Controller\BookStore.ProductService.Controller.csproj", "{1D868825-C204-4C3A-8FED-7FD84735E48F}"
EndProject
Project("{FAE04EC0-301F-11D3-BF4B-00C04F79EFBC}") = "BookStore.ProductService.Configuration", "BookStore.ProductService.Configuration\BookStore.ProductService.Configuration.csproj", "{15D46AB7-02DC-4D3C-9DD9-2043C263909B}"
EndProject
Global
	GlobalSection(SolutionConfigurationPlatforms) = preSolution
		Debug|Any CPU = Debug|Any CPU
		Release|Any CPU = Release|Any CPU
	EndGlobalSection
	GlobalSection(ProjectConfigurationPlatforms) = postSolution
		{511986E9-E9FF-4B29-8289-5F34D7098444}.Debug|Any CPU.ActiveCfg = Debug|Any CPU
		{511986E9-E9FF-4B29-8289-5F34D7098444}.Debug|Any CPU.Build.0 = Debug|Any CPU
		{511986E9-E9FF-4B29-8289-5F34D7098444}.Release|Any CPU.ActiveCfg = Release|Any CPU
		{511986E9-E9FF-4B29-8289-5F34D7098444}.Release|Any CPU.Build.0 = Release|Any CPU
		{1D868825-C204-4C3A-8FED-7FD84735E48F}.Debug|Any CPU.ActiveCfg = Debug|Any CPU
		{1D868825-C204-4C3A-8FED-7FD84735E48F}.Debug|Any CPU.Build.0 = Debug|Any CPU
		{1D868825-C204-4C3A-8FED-7FD84735E48F}.Release|Any CPU.ActiveCfg = Release|Any CPU
		{1D868825-C204-4C3A-8FED-7FD84735E48F}.Release|Any CPU.Build.0 = Release|Any CPU
		{15D46AB7-02DC-4D3C-9DD9-2043C263909B}.Debug|Any CPU.ActiveCfg = Debug|Any CPU
		{15D46AB7-02DC-4D3C-9DD9-2043C263909B}.Debug|Any CPU.Build.0 = Debug|Any CPU
		{15D46AB7-02DC-4D3C-9DD9-2043C263909B}.Release|Any CPU.ActiveCfg = Release|Any CPU
		{15D46AB7-02DC-4D3C-9DD9-2043C263909B}.Release|Any CPU.Build.0 = Release|Any CPU
	EndGlobalSection
	GlobalSection(SolutionProperties) = preSolution
		HideSolutionNode = FALSE
	EndGlobalSection
	GlobalSection(ExtensibilityGlobals) = postSolution
		SolutionGuid = {09D1A8A8-375B-4302-9C56-06D61ACBF418}
	EndGlobalSection
EndGlobal
